
Microsoft Visual Studio Solution File, Format Version 12.00
# Visual Studio Version 16
VisualStudioVersion = 16.0.31702.278
MinimumVisualStudioVersion = 10.0.40219.1
Project("{2150E333-8FDC-42A3-9474-1A3956D46DE8}") = "Solution Items", "Solution Items", "{0AA51404-60C1-47E5-AF56-63EE82C0290C}"
	ProjectSection(SolutionItems) = preProject
		Readme.md = Readme.md
	EndProjectSection
EndProject
Project("{FAE04EC0-301F-11D3-BF4B-00C04F79EFBC}") = "ShopLinhKienMayTinhLamBaoCaoMonLTWNC_Farmer", "ShopLinhKienMayTinhLamBaoCaoMonLTWNC_Farmer\ShopLinhKienMayTinhLamBaoCaoMonLTWNC_Farmer.csproj", "{09E74D06-16F6-4543-AD05-E2ADF86F2F7D}"
EndProject
Global
	GlobalSection(SolutionConfigurationPlatforms) = preSolution
		Debug|Any CPU = Debug|Any CPU
		Release|Any CPU = Release|Any CPU
	EndGlobalSection
	GlobalSection(ProjectConfigurationPlatforms) = postSolution
		{09E74D06-16F6-4543-AD05-E2ADF86F2F7D}.Debug|Any CPU.ActiveCfg = Debug|Any CPU
		{09E74D06-16F6-4543-AD05-E2ADF86F2F7D}.Debug|Any CPU.Build.0 = Debug|Any CPU
		{09E74D06-16F6-4543-AD05-E2ADF86F2F7D}.Release|Any CPU.ActiveCfg = Release|Any CPU
		{09E74D06-16F6-4543-AD05-E2ADF86F2F7D}.Release|Any CPU.Build.0 = Release|Any CPU
	EndGlobalSection
	GlobalSection(SolutionProperties) = preSolution
		HideSolutionNode = FALSE
	EndGlobalSection
	GlobalSection(ExtensibilityGlobals) = postSolution
		SolutionGuid = {AAE0BEFA-3093-4F74-B1CD-9E9AE4DF396E}
	EndGlobalSection
EndGlobal
